// !$*UTF8*$!
{
	archiveVersion = 1;
	classes = {
	};
	objectVersion = 46;
	objects = {

/* Begin PBXBuildFile section */
		B79B62477737D5FA87CA160D /* Pods_PizzaTracker.framework in Frameworks */ = {isa = PBXBuildFile; fileRef = AE74A5F8F117FDA8D2E0654B /* Pods_PizzaTracker.framework */; };
		FA6D848A1D9EE985008A983C /* ObjC.m in Sources */ = {isa = PBXBuildFile; fileRef = FA6D84891D9EE985008A983C /* ObjC.m */; };
		FA9B295D1D9EDD53008F35E1 /* Localizable.strings in Resources */ = {isa = PBXBuildFile; fileRef = FA9B295B1D9EDD53008F35E1 /* Localizable.strings */; };
		FA9B295F1D9EDD63008F35E1 /* UIViewController+Alert.swift in Sources */ = {isa = PBXBuildFile; fileRef = FA9B295E1D9EDD63008F35E1 /* UIViewController+Alert.swift */; };
		FA9B29611D9EDD69008F35E1 /* TrackingViewController+CLLocationManagerDelegate.swift in Sources */ = {isa = PBXBuildFile; fileRef = FA9B29601D9EDD69008F35E1 /* TrackingViewController+CLLocationManagerDelegate.swift */; };
		FA9B29631D9EDD7D008F35E1 /* DeepstreamClient+Extensions.swift in Sources */ = {isa = PBXBuildFile; fileRef = FA9B29621D9EDD7D008F35E1 /* DeepstreamClient+Extensions.swift */; };
		FAD824E81D9DDEFF002D240B /* AppDelegate.swift in Sources */ = {isa = PBXBuildFile; fileRef = FAD824E71D9DDEFF002D240B /* AppDelegate.swift */; };
		FAD824EF1D9DDEFF002D240B /* Assets.xcassets in Resources */ = {isa = PBXBuildFile; fileRef = FAD824EE1D9DDEFF002D240B /* Assets.xcassets */; };
		FAD824F21D9DDEFF002D240B /* LaunchScreen.storyboard in Resources */ = {isa = PBXBuildFile; fileRef = FAD824F01D9DDEFF002D240B /* LaunchScreen.storyboard */; };
		FAD824FA1D9DDF8B002D240B /* DeepstreamService.swift in Sources */ = {isa = PBXBuildFile; fileRef = FAD824F91D9DDF8B002D240B /* DeepstreamService.swift */; };
		FAD824FE1D9DE29F002D240B /* TrackingViewController.swift in Sources */ = {isa = PBXBuildFile; fileRef = FAD824FC1D9DE29F002D240B /* TrackingViewController.swift */; };
		FAD824FF1D9DE29F002D240B /* TrackingViewController.xib in Resources */ = {isa = PBXBuildFile; fileRef = FAD824FD1D9DE29F002D240B /* TrackingViewController.xib */; };
		FAD825041D9DE344002D240B /* LoginViewController.swift in Sources */ = {isa = PBXBuildFile; fileRef = FAD825021D9DE344002D240B /* LoginViewController.swift */; };
		FAD825051D9DE344002D240B /* LoginViewController.xib in Resources */ = {isa = PBXBuildFile; fileRef = FAD825031D9DE344002D240B /* LoginViewController.xib */; };
		FAFA0C291D9EDF460065372B /* String+Localization.swift in Sources */ = {isa = PBXBuildFile; fileRef = FAFA0C281D9EDF460065372B /* String+Localization.swift */; };
/* End PBXBuildFile section */

/* Begin PBXFileReference section */
		25F016570D3C98DC4C2A3349 /* Pods-PizzaTracker.debug.xcconfig */ = {isa = PBXFileReference; includeInIndex = 1; lastKnownFileType = text.xcconfig; name = "Pods-PizzaTracker.debug.xcconfig"; path = "Pods/Target Support Files/Pods-PizzaTracker/Pods-PizzaTracker.debug.xcconfig"; sourceTree = "<group>"; };
		AE74A5F8F117FDA8D2E0654B /* Pods_PizzaTracker.framework */ = {isa = PBXFileReference; explicitFileType = wrapper.framework; includeInIndex = 0; path = Pods_PizzaTracker.framework; sourceTree = BUILT_PRODUCTS_DIR; };
		DED74902FB7A996EFC4BB9DB /* Pods-PizzaTracker.release.xcconfig */ = {isa = PBXFileReference; includeInIndex = 1; lastKnownFileType = text.xcconfig; name = "Pods-PizzaTracker.release.xcconfig"; path = "Pods/Target Support Files/Pods-PizzaTracker/Pods-PizzaTracker.release.xcconfig"; sourceTree = "<group>"; };
		FA6D84881D9EE96D008A983C /* ObjC.h */ = {isa = PBXFileReference; lastKnownFileType = sourcecode.c.h; path = ObjC.h; sourceTree = "<group>"; };
		FA6D84891D9EE985008A983C /* ObjC.m */ = {isa = PBXFileReference; fileEncoding = 4; lastKnownFileType = sourcecode.c.objc; path = ObjC.m; sourceTree = "<group>"; };
		FA9B295C1D9EDD53008F35E1 /* Base */ = {isa = PBXFileReference; lastKnownFileType = text.plist.strings; name = Base; path = Base.lproj/Localizable.strings; sourceTree = "<group>"; };
		FA9B295E1D9EDD63008F35E1 /* UIViewController+Alert.swift */ = {isa = PBXFileReference; fileEncoding = 4; lastKnownFileType = sourcecode.swift; path = "UIViewController+Alert.swift"; sourceTree = "<group>"; };
		FA9B29601D9EDD69008F35E1 /* TrackingViewController+CLLocationManagerDelegate.swift */ = {isa = PBXFileReference; fileEncoding = 4; lastKnownFileType = sourcecode.swift; path = "TrackingViewController+CLLocationManagerDelegate.swift"; sourceTree = "<group>"; };
		FA9B29621D9EDD7D008F35E1 /* DeepstreamClient+Extensions.swift */ = {isa = PBXFileReference; fileEncoding = 4; lastKnownFileType = sourcecode.swift; path = "DeepstreamClient+Extensions.swift"; sourceTree = "<group>"; };
		FAD824E41D9DDEFF002D240B /* PizzaTracker.app */ = {isa = PBXFileReference; explicitFileType = wrapper.application; includeInIndex = 0; path = PizzaTracker.app; sourceTree = BUILT_PRODUCTS_DIR; };
		FAD824E71D9DDEFF002D240B /* AppDelegate.swift */ = {isa = PBXFileReference; lastKnownFileType = sourcecode.swift; path = AppDelegate.swift; sourceTree = "<group>"; };
		FAD824EE1D9DDEFF002D240B /* Assets.xcassets */ = {isa = PBXFileReference; lastKnownFileType = folder.assetcatalog; path = Assets.xcassets; sourceTree = "<group>"; };
		FAD824F11D9DDEFF002D240B /* Base */ = {isa = PBXFileReference; lastKnownFileType = file.storyboard; name = Base; path = Base.lproj/LaunchScreen.storyboard; sourceTree = "<group>"; };
		FAD824F31D9DDEFF002D240B /* Info.plist */ = {isa = PBXFileReference; lastKnownFileType = text.plist.xml; path = Info.plist; sourceTree = "<group>"; };
		FAD824F91D9DDF8B002D240B /* DeepstreamService.swift */ = {isa = PBXFileReference; fileEncoding = 4; lastKnownFileType = sourcecode.swift; path = DeepstreamService.swift; sourceTree = "<group>"; };
		FAD824FB1D9DE0F8002D240B /* PizzaTracker-Bridging-Header.h */ = {isa = PBXFileReference; lastKnownFileType = sourcecode.c.h; path = "PizzaTracker-Bridging-Header.h"; sourceTree = "<group>"; };
		FAD824FC1D9DE29F002D240B /* TrackingViewController.swift */ = {isa = PBXFileReference; fileEncoding = 4; lastKnownFileType = sourcecode.swift; path = TrackingViewController.swift; sourceTree = "<group>"; };
		FAD824FD1D9DE29F002D240B /* TrackingViewController.xib */ = {isa = PBXFileReference; fileEncoding = 4; lastKnownFileType = file.xib; path = TrackingViewController.xib; sourceTree = "<group>"; };
		FAD825021D9DE344002D240B /* LoginViewController.swift */ = {isa = PBXFileReference; fileEncoding = 4; lastKnownFileType = sourcecode.swift; path = LoginViewController.swift; sourceTree = "<group>"; };
		FAD825031D9DE344002D240B /* LoginViewController.xib */ = {isa = PBXFileReference; fileEncoding = 4; lastKnownFileType = file.xib; path = LoginViewController.xib; sourceTree = "<group>"; };
		FAFA0C281D9EDF460065372B /* String+Localization.swift */ = {isa = PBXFileReference; fileEncoding = 4; lastKnownFileType = sourcecode.swift; path = "String+Localization.swift"; sourceTree = "<group>"; };
/* End PBXFileReference section */

/* Begin PBXFrameworksBuildPhase section */
		FAD824E11D9DDEFF002D240B /* Frameworks */ = {
			isa = PBXFrameworksBuildPhase;
			buildActionMask = 2147483647;
			files = (
				B79B62477737D5FA87CA160D /* Pods_PizzaTracker.framework in Frameworks */,
			);
			runOnlyForDeploymentPostprocessing = 0;
		};
/* End PBXFrameworksBuildPhase section */

/* Begin PBXGroup section */
		12F5A4A1AE004734F2835C9F /* Pods */ = {
			isa = PBXGroup;
			children = (
				25F016570D3C98DC4C2A3349 /* Pods-PizzaTracker.debug.xcconfig */,
				DED74902FB7A996EFC4BB9DB /* Pods-PizzaTracker.release.xcconfig */,
			);
			name = Pods;
			sourceTree = "<group>";
		};
		3AB68001431C020D1692E9FD /* Frameworks */ = {
			isa = PBXGroup;
			children = (
				AE74A5F8F117FDA8D2E0654B /* Pods_PizzaTracker.framework */,
			);
			name = Frameworks;
			sourceTree = "<group>";
		};
		FAD824DB1D9DDEFE002D240B = {
			isa = PBXGroup;
			children = (
				FAD824E61D9DDEFF002D240B /* PizzaTracker */,
				FAD824E51D9DDEFF002D240B /* Products */,
				12F5A4A1AE004734F2835C9F /* Pods */,
				3AB68001431C020D1692E9FD /* Frameworks */,
			);
			sourceTree = "<group>";
		};
		FAD824E51D9DDEFF002D240B /* Products */ = {
			isa = PBXGroup;
			children = (
				FAD824E41D9DDEFF002D240B /* PizzaTracker.app */,
			);
			name = Products;
			sourceTree = "<group>";
		};
		FAD824E61D9DDEFF002D240B /* PizzaTracker */ = {
			isa = PBXGroup;
			children = (
				FA9B295E1D9EDD63008F35E1 /* UIViewController+Alert.swift */,
				FAD824E71D9DDEFF002D240B /* AppDelegate.swift */,
				FAFA0C2A1D9EE00C0065372B /* Deepstream */,
				FAFA0C281D9EDF460065372B /* String+Localization.swift */,
				FAD825001D9DE2A3002D240B /* TrackingViewController */,
				FAD825061D9DE348002D240B /* LoginViewController */,
				FAD825011D9DE2AB002D240B /* Supporting Files */,
			);
			path = PizzaTracker;
			sourceTree = "<group>";
		};
		FAD825001D9DE2A3002D240B /* TrackingViewController */ = {
			isa = PBXGroup;
			children = (
				FAD824FC1D9DE29F002D240B /* TrackingViewController.swift */,
				FA9B29601D9EDD69008F35E1 /* TrackingViewController+CLLocationManagerDelegate.swift */,
				FAD824FD1D9DE29F002D240B /* TrackingViewController.xib */,
			);
			name = TrackingViewController;
			sourceTree = "<group>";
		};
		FAD825011D9DE2AB002D240B /* Supporting Files */ = {
			isa = PBXGroup;
			children = (
				FAD824FB1D9DE0F8002D240B /* PizzaTracker-Bridging-Header.h */,
				FA9B295B1D9EDD53008F35E1 /* Localizable.strings */,
				FAD824EE1D9DDEFF002D240B /* Assets.xcassets */,
				FAD824F01D9DDEFF002D240B /* LaunchScreen.storyboard */,
				FAD824F31D9DDEFF002D240B /* Info.plist */,
				FA6D84881D9EE96D008A983C /* ObjC.h */,
				FA6D84891D9EE985008A983C /* ObjC.m */,
			);
			name = "Supporting Files";
			sourceTree = "<group>";
		};
		FAD825061D9DE348002D240B /* LoginViewController */ = {
			isa = PBXGroup;
			children = (
				FAD825021D9DE344002D240B /* LoginViewController.swift */,
				FAD825031D9DE344002D240B /* LoginViewController.xib */,
			);
			name = LoginViewController;
			sourceTree = "<group>";
		};
		FAFA0C2A1D9EE00C0065372B /* Deepstream */ = {
			isa = PBXGroup;
			children = (
				FAD824F91D9DDF8B002D240B /* DeepstreamService.swift */,
				FA9B29621D9EDD7D008F35E1 /* DeepstreamClient+Extensions.swift */,
			);
			name = Deepstream;
			sourceTree = "<group>";
		};
/* End PBXGroup section */

/* Begin PBXNativeTarget section */
		FAD824E31D9DDEFF002D240B /* PizzaTracker */ = {
			isa = PBXNativeTarget;
			buildConfigurationList = FAD824F61D9DDEFF002D240B /* Build configuration list for PBXNativeTarget "PizzaTracker" */;
			buildPhases = (
				21F978B3F2AB6DD9EB10FB0A /* [CP] Check Pods Manifest.lock */,
				FAD824E01D9DDEFF002D240B /* Sources */,
				FAD824E11D9DDEFF002D240B /* Frameworks */,
				FAD824E21D9DDEFF002D240B /* Resources */,
				1A54862A820FB0C6C820FB00 /* [CP] Embed Pods Frameworks */,
				5D68BA6E8320D4A41124F482 /* [CP] Copy Pods Resources */,
			);
			buildRules = (
			);
			dependencies = (
			);
			name = PizzaTracker;
			productName = PizzaTracker;
			productReference = FAD824E41D9DDEFF002D240B /* PizzaTracker.app */;
			productType = "com.apple.product-type.application";
		};
/* End PBXNativeTarget section */

/* Begin PBXProject section */
		FAD824DC1D9DDEFE002D240B /* Project object */ = {
			isa = PBXProject;
			attributes = {
				LastSwiftUpdateCheck = 0720;
				LastUpgradeCheck = 0720;
				ORGANIZATIONNAME = "deepstreamHub GmbH";
				TargetAttributes = {
					FAD824E31D9DDEFF002D240B = {
						CreatedOnToolsVersion = 7.2.1;
					};
				};
			};
			buildConfigurationList = FAD824DF1D9DDEFE002D240B /* Build configuration list for PBXProject "PizzaTracker" */;
			compatibilityVersion = "Xcode 3.2";
			developmentRegion = English;
			hasScannedForEncodings = 0;
			knownRegions = (
				en,
				Base,
			);
			mainGroup = FAD824DB1D9DDEFE002D240B;
			productRefGroup = FAD824E51D9DDEFF002D240B /* Products */;
			projectDirPath = "";
			projectRoot = "";
			targets = (
				FAD824E31D9DDEFF002D240B /* PizzaTracker */,
			);
		};
/* End PBXProject section */

/* Begin PBXResourcesBuildPhase section */
		FAD824E21D9DDEFF002D240B /* Resources */ = {
			isa = PBXResourcesBuildPhase;
			buildActionMask = 2147483647;
			files = (
				FA9B295D1D9EDD53008F35E1 /* Localizable.strings in Resources */,
				FAD825051D9DE344002D240B /* LoginViewController.xib in Resources */,
				FAD824F21D9DDEFF002D240B /* LaunchScreen.storyboard in Resources */,
				FAD824FF1D9DE29F002D240B /* TrackingViewController.xib in Resources */,
				FAD824EF1D9DDEFF002D240B /* Assets.xcassets in Resources */,
			);
			runOnlyForDeploymentPostprocessing = 0;
		};
/* End PBXResourcesBuildPhase section */

/* Begin PBXShellScriptBuildPhase section */
		1A54862A820FB0C6C820FB00 /* [CP] Embed Pods Frameworks */ = {
			isa = PBXShellScriptBuildPhase;
			buildActionMask = 2147483647;
			files = (
			);
			inputPaths = (
			);
			name = "[CP] Embed Pods Frameworks";
			outputPaths = (
			);
			runOnlyForDeploymentPostprocessing = 0;
			shellPath = /bin/sh;
			shellScript = "\"${SRCROOT}/Pods/Target Support Files/Pods-PizzaTracker/Pods-PizzaTracker-frameworks.sh\"\n";
			showEnvVarsInLog = 0;
		};
		21F978B3F2AB6DD9EB10FB0A /* [CP] Check Pods Manifest.lock */ = {
			isa = PBXShellScriptBuildPhase;
			buildActionMask = 2147483647;
			files = (
			);
			inputPaths = (
			);
			name = "[CP] Check Pods Manifest.lock";
			outputPaths = (
			);
			runOnlyForDeploymentPostprocessing = 0;
			shellPath = /bin/sh;
			shellScript = "diff \"${PODS_ROOT}/../Podfile.lock\" \"${PODS_ROOT}/Manifest.lock\" > /dev/null\nif [[ $? != 0 ]] ; then\n    cat << EOM\nerror: The sandbox is not in sync with the Podfile.lock. Run 'pod install' or update your CocoaPods installation.\nEOM\n    exit 1\nfi\n";
			showEnvVarsInLog = 0;
		};
		5D68BA6E8320D4A41124F482 /* [CP] Copy Pods Resources */ = {
			isa = PBXShellScriptBuildPhase;
			buildActionMask = 2147483647;
			files = (
			);
			inputPaths = (
			);
			name = "[CP] Copy Pods Resources";
			outputPaths = (
			);
			runOnlyForDeploymentPostprocessing = 0;
			shellPath = /bin/sh;
			shellScript = "\"${SRCROOT}/Pods/Target Support Files/Pods-PizzaTracker/Pods-PizzaTracker-resources.sh\"\n";
			showEnvVarsInLog = 0;
		};
/* End PBXShellScriptBuildPhase section */

/* Begin PBXSourcesBuildPhase section */
		FAD824E01D9DDEFF002D240B /* Sources */ = {
			isa = PBXSourcesBuildPhase;
			buildActionMask = 2147483647;
			files = (
				FA9B295F1D9EDD63008F35E1 /* UIViewController+Alert.swift in Sources */,
				FAD825041D9DE344002D240B /* LoginViewController.swift in Sources */,
				FA6D848A1D9EE985008A983C /* ObjC.m in Sources */,
				FAD824FE1D9DE29F002D240B /* TrackingViewController.swift in Sources */,
				FAD824E81D9DDEFF002D240B /* AppDelegate.swift in Sources */,
				FA9B29611D9EDD69008F35E1 /* TrackingViewController+CLLocationManagerDelegate.swift in Sources */,
				FA9B29631D9EDD7D008F35E1 /* DeepstreamClient+Extensions.swift in Sources */,
				FAD824FA1D9DDF8B002D240B /* DeepstreamService.swift in Sources */,
				FAFA0C291D9EDF460065372B /* String+Localization.swift in Sources */,
			);
			runOnlyForDeploymentPostprocessing = 0;
		};
/* End PBXSourcesBuildPhase section */

/* Begin PBXVariantGroup section */
		FA9B295B1D9EDD53008F35E1 /* Localizable.strings */ = {
			isa = PBXVariantGroup;
			children = (
				FA9B295C1D9EDD53008F35E1 /* Base */,
			);
			name = Localizable.strings;
			sourceTree = "<group>";
		};
		FAD824F01D9DDEFF002D240B /* LaunchScreen.storyboard */ = {
			isa = PBXVariantGroup;
			children = (
				FAD824F11D9DDEFF002D240B /* Base */,
			);
			name = LaunchScreen.storyboard;
			sourceTree = "<group>";
		};
/* End PBXVariantGroup section */

/* Begin XCBuildConfiguration section */
		FAD824F41D9DDEFF002D240B /* Debug */ = {
			isa = XCBuildConfiguration;
			buildSettings = {
				ALWAYS_SEARCH_USER_PATHS = NO;
				CLANG_CXX_LANGUAGE_STANDARD = "gnu++0x";
				CLANG_CXX_LIBRARY = "libc++";
				CLANG_ENABLE_MODULES = YES;
				CLANG_ENABLE_OBJC_ARC = YES;
				CLANG_WARN_BOOL_CONVERSION = YES;
				CLANG_WARN_CONSTANT_CONVERSION = YES;
				CLANG_WARN_DIRECT_OBJC_ISA_USAGE = YES_ERROR;
				CLANG_WARN_EMPTY_BODY = YES;
				CLANG_WARN_ENUM_CONVERSION = YES;
				CLANG_WARN_INT_CONVERSION = YES;
				CLANG_WARN_OBJC_ROOT_CLASS = YES_ERROR;
				CLANG_WARN_UNREACHABLE_CODE = YES;
				CLANG_WARN__DUPLICATE_METHOD_MATCH = YES;
				"CODE_SIGN_IDENTITY[sdk=iphoneos*]" = "iPhone Developer";
				COPY_PHASE_STRIP = NO;
				DEBUG_INFORMATION_FORMAT = dwarf;
				ENABLE_STRICT_OBJC_MSGSEND = YES;
				ENABLE_TESTABILITY = YES;
				GCC_C_LANGUAGE_STANDARD = gnu99;
				GCC_DYNAMIC_NO_PIC = NO;
				GCC_NO_COMMON_BLOCKS = YES;
				GCC_OPTIMIZATION_LEVEL = 0;
				GCC_PREPROCESSOR_DEFINITIONS = (
					"DEBUG=1",
					"$(inherited)",
				);
				GCC_WARN_64_TO_32_BIT_CONVERSION = YES;
				GCC_WARN_ABOUT_RETURN_TYPE = YES_ERROR;
				GCC_WARN_UNDECLARED_SELECTOR = YES;
				GCC_WARN_UNINITIALIZED_AUTOS = YES_AGGRESSIVE;
				GCC_WARN_UNUSED_FUNCTION = YES;
				GCC_WARN_UNUSED_VARIABLE = YES;
				IPHONEOS_DEPLOYMENT_TARGET = 9.2;
				MTL_ENABLE_DEBUG_INFO = YES;
				ONLY_ACTIVE_ARCH = YES;
				SDKROOT = iphoneos;
				SWIFT_OPTIMIZATION_LEVEL = "-Onone";
				TARGETED_DEVICE_FAMILY = "1,2";
			};
			name = Debug;
		};
		FAD824F51D9DDEFF002D240B /* Release */ = {
			isa = XCBuildConfiguration;
			buildSettings = {
				ALWAYS_SEARCH_USER_PATHS = NO;
				CLANG_CXX_LANGUAGE_STANDARD = "gnu++0x";
				CLANG_CXX_LIBRARY = "libc++";
				CLANG_ENABLE_MODULES = YES;
				CLANG_ENABLE_OBJC_ARC = YES;
				CLANG_WARN_BOOL_CONVERSION = YES;
				CLANG_WARN_CONSTANT_CONVERSION = YES;
				CLANG_WARN_DIRECT_OBJC_ISA_USAGE = YES_ERROR;
				CLANG_WARN_EMPTY_BODY = YES;
				CLANG_WARN_ENUM_CONVERSION = YES;
				CLANG_WARN_INT_CONVERSION = YES;
				CLANG_WARN_OBJC_ROOT_CLASS = YES_ERROR;
				CLANG_WARN_UNREACHABLE_CODE = YES;
				CLANG_WARN__DUPLICATE_METHOD_MATCH = YES;
				"CODE_SIGN_IDENTITY[sdk=iphoneos*]" = "iPhone Developer";
				COPY_PHASE_STRIP = NO;
				DEBUG_INFORMATION_FORMAT = "dwarf-with-dsym";
				ENABLE_NS_ASSERTIONS = NO;
				ENABLE_STRICT_OBJC_MSGSEND = YES;
				GCC_C_LANGUAGE_STANDARD = gnu99;
				GCC_NO_COMMON_BLOCKS = YES;
				GCC_WARN_64_TO_32_BIT_CONVERSION = YES;
				GCC_WARN_ABOUT_RETURN_TYPE = YES_ERROR;
				GCC_WARN_UNDECLARED_SELECTOR = YES;
				GCC_WARN_UNINITIALIZED_AUTOS = YES_AGGRESSIVE;
				GCC_WARN_UNUSED_FUNCTION = YES;
				GCC_WARN_UNUSED_VARIABLE = YES;
				IPHONEOS_DEPLOYMENT_TARGET = 9.2;
				MTL_ENABLE_DEBUG_INFO = NO;
				SDKROOT = iphoneos;
				TARGETED_DEVICE_FAMILY = "1,2";
				VALIDATE_PRODUCT = YES;
			};
			name = Release;
		};
		FAD824F71D9DDEFF002D240B /* Debug */ = {
			isa = XCBuildConfiguration;
			baseConfigurationReference = 25F016570D3C98DC4C2A3349 /* Pods-PizzaTracker.debug.xcconfig */;
			buildSettings = {
				ASSETCATALOG_COMPILER_APPICON_NAME = AppIcon;
				INFOPLIST_FILE = PizzaTracker/Info.plist;
				LD_RUNPATH_SEARCH_PATHS = "$(inherited) @executable_path/Frameworks";
				PRODUCT_BUNDLE_IDENTIFIER = com.deepstream.io.PizzaTracker;
				PRODUCT_NAME = "$(TARGET_NAME)";
				SWIFT_OBJC_BRIDGING_HEADER = "${PROJECT_DIR}/PizzaTracker/PizzaTracker-Bridging-Header.h";
			};
			name = Debug;
		};
		FAD824F81D9DDEFF002D240B /* Release */ = {
			isa = XCBuildConfiguration;
			baseConfigurationReference = DED74902FB7A996EFC4BB9DB /* Pods-PizzaTracker.release.xcconfig */;
			buildSettings = {
				ASSETCATALOG_COMPILER_APPICON_NAME = AppIcon;
				INFOPLIST_FILE = PizzaTracker/Info.plist;
				LD_RUNPATH_SEARCH_PATHS = "$(inherited) @executable_path/Frameworks";
				PRODUCT_BUNDLE_IDENTIFIER = com.deepstream.io.PizzaTracker;
				PRODUCT_NAME = "$(TARGET_NAME)";
				SWIFT_OBJC_BRIDGING_HEADER = "${PROJECT_DIR}/PizzaTracker/PizzaTracker-Bridging-Header.h";
			};
			name = Release;
		};
/* End XCBuildConfiguration section */

/* Begin XCConfigurationList section */
		FAD824DF1D9DDEFE002D240B /* Build configuration list for PBXProject "PizzaTracker" */ = {
			isa = XCConfigurationList;
			buildConfigurations = (
				FAD824F41D9DDEFF002D240B /* Debug */,
				FAD824F51D9DDEFF002D240B /* Release */,
			);
			defaultConfigurationIsVisible = 0;
			defaultConfigurationName = Release;
		};
		FAD824F61D9DDEFF002D240B /* Build configuration list for PBXNativeTarget "PizzaTracker" */ = {
			isa = XCConfigurationList;
			buildConfigurations = (
				FAD824F71D9DDEFF002D240B /* Debug */,
				FAD824F81D9DDEFF002D240B /* Release */,
			);
			defaultConfigurationIsVisible = 0;
			defaultConfigurationName = Release;
		};
/* End XCConfigurationList section */
	};
	rootObject = FAD824DC1D9DDEFE002D240B /* Project object */;
}
