PODS:
  - DeepstreamIO (0.8.0)

DEPENDENCIES:
  - DeepstreamIO (from `/Users/ahussein/Developer/deepstream.io-client-ios/DeepstreamIO.podspec`)

EXTERNAL SOURCES:
  DeepstreamIO:
    :podspec: /Users/ahussein/Developer/deepstream.io-client-ios/DeepstreamIO.podspec

SPEC CHECKSUMS:
  DeepstreamIO: ee2d8d9ee66718539e14b846cd9e3aa63bbd0b66

PODFILE CHECKSUM: 6a75aa7c61dc61b14b4b899b0b44f9d3f25b43a7

COCOAPODS: 1.1.0.rc.2
